
Microsoft Visual Studio Solution File, Format Version 12.00
# Visual Studio Version 16
VisualStudioVersion = 16.0.29409.12
MinimumVisualStudioVersion = 10.0.40219.1
Project("{FAE04EC0-301F-11D3-BF4B-00C04F79EFBC}") = "gmapCacher", "gmapCacher.csproj", "{8BA7EBB0-5D6B-4E48-82E3-C2B42838122F}"
EndProject
Global
	GlobalSection(SolutionConfigurationPlatforms) = preSolution
		Debug|Any CPU = Debug|Any CPU
		Release|Any CPU = Release|Any CPU
	EndGlobalSection
	GlobalSection(ProjectConfigurationPlatforms) = postSolution
		{8BA7EBB0-5D6B-4E48-82E3-C2B42838122F}.Debug|Any CPU.ActiveCfg = Debug|Any CPU
		{8BA7EBB0-5D6B-4E48-82E3-C2B42838122F}.Debug|Any CPU.Build.0 = Debug|Any CPU
		{8BA7EBB0-5D6B-4E48-82E3-C2B42838122F}.Release|Any CPU.ActiveCfg = Release|Any CPU
		{8BA7EBB0-5D6B-4E48-82E3-C2B42838122F}.Release|Any CPU.Build.0 = Release|Any CPU
	EndGlobalSection
	GlobalSection(SolutionProperties) = preSolution
		HideSolutionNode = FALSE
	EndGlobalSection
	GlobalSection(ExtensibilityGlobals) = postSolution
		SolutionGuid = {438AFA41-4140-4196-9725-C0BBE438AFD1}
	EndGlobalSection
EndGlobal
